
Microsoft Visual Studio Solution File, Format Version 12.00
# Visual Studio 15
VisualStudioVersion = 15.0.27004.2005
MinimumVisualStudioVersion = 10.0.40219.1
Project("{FAE04EC0-301F-11D3-BF4B-00C04F79EFBC}") = "StorageTesting", "StorageTesting\StorageTesting.csproj", "{5B428DB7-73D8-4D84-AB9C-E035E2B673BA}"
EndProject
Global
	GlobalSection(SolutionConfigurationPlatforms) = preSolution
		Debug|Any CPU = Debug|Any CPU
		Release|Any CPU = Release|Any CPU
	EndGlobalSection
	GlobalSection(ProjectConfigurationPlatforms) = postSolution
		{5B428DB7-73D8-4D84-AB9C-E035E2B673BA}.Debug|Any CPU.ActiveCfg = Debug|Any CPU
		{5B428DB7-73D8-4D84-AB9C-E035E2B673BA}.Debug|Any CPU.Build.0 = Debug|Any CPU
		{5B428DB7-73D8-4D84-AB9C-E035E2B673BA}.Release|Any CPU.ActiveCfg = Release|Any CPU
		{5B428DB7-73D8-4D84-AB9C-E035E2B673BA}.Release|Any CPU.Build.0 = Release|Any CPU
	EndGlobalSection
	GlobalSection(SolutionProperties) = preSolution
		HideSolutionNode = FALSE
	EndGlobalSection
	GlobalSection(ExtensibilityGlobals) = postSolution
		SolutionGuid = {0638A533-14FF-4657-8CD2-DF589D4C3A06}
	EndGlobalSection
EndGlobal
